// !$*UTF8*$!
{
	archiveVersion = 1;
	classes = {
	};
	objectVersion = 51;
	objects = {

/* Begin PBXBuildFile section */
		20AAA529791904EB5B28CD66 /* Pods_NewsfeedMVVM.framework in Frameworks */ = {isa = PBXBuildFile; fileRef = A42E85B92C1388100468A9B9 /* Pods_NewsfeedMVVM.framework */; };
		5B27E7EC25BC308300EE4962 /* CoreDataManager.swift in Sources */ = {isa = PBXBuildFile; fileRef = 5B27E7EB25BC308300EE4962 /* CoreDataManager.swift */; };
		5B2F75AA25C7D56F003B8CE3 /* NewsEndPoint.swift in Sources */ = {isa = PBXBuildFile; fileRef = 5B2F75A925C7D56F003B8CE3 /* NewsEndPoint.swift */; };
		5B2F75AD25C7D696003B8CE3 /* EndPointType.swift in Sources */ = {isa = PBXBuildFile; fileRef = 5B2F75AC25C7D696003B8CE3 /* EndPointType.swift */; };
		5B2F75B125C7E607003B8CE3 /* Router.swift in Sources */ = {isa = PBXBuildFile; fileRef = 5B2F75B025C7E607003B8CE3 /* Router.swift */; };
		5B2F75BE25C7F0B5003B8CE3 /* UIViewController+Extensions.swift in Sources */ = {isa = PBXBuildFile; fileRef = 5B2F75BD25C7F0B5003B8CE3 /* UIViewController+Extensions.swift */; };
		5B3B48B224D297EC004A6304 /* AppDelegate.swift in Sources */ = {isa = PBXBuildFile; fileRef = 5B3B48B124D297EC004A6304 /* AppDelegate.swift */; };
		5B3B48B424D297EC004A6304 /* SceneDelegate.swift in Sources */ = {isa = PBXBuildFile; fileRef = 5B3B48B324D297EC004A6304 /* SceneDelegate.swift */; };
		5B3B48BC24D297ED004A6304 /* NewsfeedMVVM.xcdatamodeld in Sources */ = {isa = PBXBuildFile; fileRef = 5B3B48BA24D297ED004A6304 /* NewsfeedMVVM.xcdatamodeld */; };
		5B3B48BE24D297F7004A6304 /* Assets.xcassets in Resources */ = {isa = PBXBuildFile; fileRef = 5B3B48BD24D297F7004A6304 /* Assets.xcassets */; };
		5B3B48C124D297F7004A6304 /* LaunchScreen.storyboard in Resources */ = {isa = PBXBuildFile; fileRef = 5B3B48BF24D297F7004A6304 /* LaunchScreen.storyboard */; };
		5B46A1DB25B9557100A6DA33 /* Reactive+Extensions.swift in Sources */ = {isa = PBXBuildFile; fileRef = 5B46A1DA25B9557100A6DA33 /* Reactive+Extensions.swift */; };
		5B46A1E025B9E40F00A6DA33 /* Array+Extensions.swift in Sources */ = {isa = PBXBuildFile; fileRef = 5B46A1DF25B9E40F00A6DA33 /* Array+Extensions.swift */; };
		5B68A49725C5DBA5001EA6CB /* NetworkManager.swift in Sources */ = {isa = PBXBuildFile; fileRef = 5B68A49625C5DBA5001EA6CB /* NetworkManager.swift */; };
		5B79676324D29B0C007581B1 /* CoreDataStack.swift in Sources */ = {isa = PBXBuildFile; fileRef = 5B79676224D29B0C007581B1 /* CoreDataStack.swift */; };
		5B79676624D29B72007581B1 /* MainViewController.swift in Sources */ = {isa = PBXBuildFile; fileRef = 5B79676524D29B72007581B1 /* MainViewController.swift */; };
		5B79676824D29B95007581B1 /* MainViewModel.swift in Sources */ = {isa = PBXBuildFile; fileRef = 5B79676724D29B95007581B1 /* MainViewModel.swift */; };
		5B79676A24D29BCD007581B1 /* CellViewModel.swift in Sources */ = {isa = PBXBuildFile; fileRef = 5B79676924D29BCD007581B1 /* CellViewModel.swift */; };
		5B79676C24D29BEA007581B1 /* CellViewController.swift in Sources */ = {isa = PBXBuildFile; fileRef = 5B79676B24D29BEA007581B1 /* CellViewController.swift */; };
		5B79677324D29C84007581B1 /* MainDataManager.swift in Sources */ = {isa = PBXBuildFile; fileRef = 5B79677224D29C84007581B1 /* MainDataManager.swift */; };
		5BB74AE724F4396000E29C50 /* CoreDataModel.swift in Sources */ = {isa = PBXBuildFile; fileRef = 5B79677724D29CFE007581B1 /* CoreDataModel.swift */; };
		5BBDB5A425CA721800921CD2 /* AppCoordinator.swift in Sources */ = {isa = PBXBuildFile; fileRef = 5BBDB5A325CA721800921CD2 /* AppCoordinator.swift */; };
		5BBDB5A725CA726A00921CD2 /* CoordinatorType.swift in Sources */ = {isa = PBXBuildFile; fileRef = 5BBDB5A625CA726A00921CD2 /* CoordinatorType.swift */; };
		5BBDB5B125CA777400921CD2 /* MainCoordinator.swift in Sources */ = {isa = PBXBuildFile; fileRef = 5BBDB5B025CA777400921CD2 /* MainCoordinator.swift */; };
		5BBDB5B725CA9A0100921CD2 /* DetailViewController.swift in Sources */ = {isa = PBXBuildFile; fileRef = 5BBDB5B625CA9A0100921CD2 /* DetailViewController.swift */; };
		5BBDB5BB25CAB82400921CD2 /* DetailCoordinator.swift in Sources */ = {isa = PBXBuildFile; fileRef = 5BBDB5BA25CAB82400921CD2 /* DetailCoordinator.swift */; };
		5BBDB5CC25CAF53800921CD2 /* AppAppearance.swift in Sources */ = {isa = PBXBuildFile; fileRef = 5BBDB5CB25CAF53800921CD2 /* AppAppearance.swift */; };
		5BC05E5424E475800031DA81 /* APIModel.swift in Sources */ = {isa = PBXBuildFile; fileRef = 5BC05E5324E475800031DA81 /* APIModel.swift */; };
/* End PBXBuildFile section */

/* Begin PBXFileReference section */
		2804846D8AC5D1266CEF451A /* Pods-NewsAppMVVMRx.release.xcconfig */ = {isa = PBXFileReference; includeInIndex = 1; lastKnownFileType = text.xcconfig; name = "Pods-NewsAppMVVMRx.release.xcconfig"; path = "Target Support Files/Pods-NewsAppMVVMRx/Pods-NewsAppMVVMRx.release.xcconfig"; sourceTree = "<group>"; };
		2C1FD47DDAA4CE7C30A323A5 /* Pods-NewsAppMVVMRx.debug.xcconfig */ = {isa = PBXFileReference; includeInIndex = 1; lastKnownFileType = text.xcconfig; name = "Pods-NewsAppMVVMRx.debug.xcconfig"; path = "Target Support Files/Pods-NewsAppMVVMRx/Pods-NewsAppMVVMRx.debug.xcconfig"; sourceTree = "<group>"; };
		5B27E7EB25BC308300EE4962 /* CoreDataManager.swift */ = {isa = PBXFileReference; lastKnownFileType = sourcecode.swift; path = CoreDataManager.swift; sourceTree = "<group>"; };
		5B2F75A925C7D56F003B8CE3 /* NewsEndPoint.swift */ = {isa = PBXFileReference; lastKnownFileType = sourcecode.swift; path = NewsEndPoint.swift; sourceTree = "<group>"; };
		5B2F75AC25C7D696003B8CE3 /* EndPointType.swift */ = {isa = PBXFileReference; lastKnownFileType = sourcecode.swift; path = EndPointType.swift; sourceTree = "<group>"; };
		5B2F75B025C7E607003B8CE3 /* Router.swift */ = {isa = PBXFileReference; lastKnownFileType = sourcecode.swift; path = Router.swift; sourceTree = "<group>"; };
		5B2F75BD25C7F0B5003B8CE3 /* UIViewController+Extensions.swift */ = {isa = PBXFileReference; lastKnownFileType = sourcecode.swift; path = "UIViewController+Extensions.swift"; sourceTree = "<group>"; };
		5B3B48AE24D297EC004A6304 /* NewsfeedMVVM.app */ = {isa = PBXFileReference; explicitFileType = wrapper.application; includeInIndex = 0; path = NewsfeedMVVM.app; sourceTree = BUILT_PRODUCTS_DIR; };
		5B3B48B124D297EC004A6304 /* AppDelegate.swift */ = {isa = PBXFileReference; lastKnownFileType = sourcecode.swift; path = AppDelegate.swift; sourceTree = "<group>"; };
		5B3B48B324D297EC004A6304 /* SceneDelegate.swift */ = {isa = PBXFileReference; lastKnownFileType = sourcecode.swift; path = SceneDelegate.swift; sourceTree = "<group>"; };
		5B3B48BB24D297ED004A6304 /* TochkaNews.xcdatamodel */ = {isa = PBXFileReference; lastKnownFileType = wrapper.xcdatamodel; path = TochkaNews.xcdatamodel; sourceTree = "<group>"; };
		5B3B48BD24D297F7004A6304 /* Assets.xcassets */ = {isa = PBXFileReference; lastKnownFileType = folder.assetcatalog; path = Assets.xcassets; sourceTree = "<group>"; };
		5B3B48C024D297F7004A6304 /* Base */ = {isa = PBXFileReference; lastKnownFileType = file.storyboard; name = Base; path = Base.lproj/LaunchScreen.storyboard; sourceTree = "<group>"; };
		5B3B48C224D297F7004A6304 /* Info.plist */ = {isa = PBXFileReference; lastKnownFileType = text.plist.xml; path = Info.plist; sourceTree = "<group>"; };
		5B46A1DA25B9557100A6DA33 /* Reactive+Extensions.swift */ = {isa = PBXFileReference; lastKnownFileType = sourcecode.swift; path = "Reactive+Extensions.swift"; sourceTree = "<group>"; };
		5B46A1DF25B9E40F00A6DA33 /* Array+Extensions.swift */ = {isa = PBXFileReference; lastKnownFileType = sourcecode.swift; path = "Array+Extensions.swift"; sourceTree = "<group>"; };
		5B68A49625C5DBA5001EA6CB /* NetworkManager.swift */ = {isa = PBXFileReference; lastKnownFileType = sourcecode.swift; path = NetworkManager.swift; sourceTree = "<group>"; };
		5B79676224D29B0C007581B1 /* CoreDataStack.swift */ = {isa = PBXFileReference; lastKnownFileType = sourcecode.swift; path = CoreDataStack.swift; sourceTree = "<group>"; };
		5B79676524D29B72007581B1 /* MainViewController.swift */ = {isa = PBXFileReference; lastKnownFileType = sourcecode.swift; path = MainViewController.swift; sourceTree = "<group>"; };
		5B79676724D29B95007581B1 /* MainViewModel.swift */ = {isa = PBXFileReference; lastKnownFileType = sourcecode.swift; path = MainViewModel.swift; sourceTree = "<group>"; };
		5B79676924D29BCD007581B1 /* CellViewModel.swift */ = {isa = PBXFileReference; lastKnownFileType = sourcecode.swift; path = CellViewModel.swift; sourceTree = "<group>"; };
		5B79676B24D29BEA007581B1 /* CellViewController.swift */ = {isa = PBXFileReference; lastKnownFileType = sourcecode.swift; path = CellViewController.swift; sourceTree = "<group>"; };
		5B79677224D29C84007581B1 /* MainDataManager.swift */ = {isa = PBXFileReference; lastKnownFileType = sourcecode.swift; path = MainDataManager.swift; sourceTree = "<group>"; };
		5B79677724D29CFE007581B1 /* CoreDataModel.swift */ = {isa = PBXFileReference; lastKnownFileType = sourcecode.swift; path = CoreDataModel.swift; sourceTree = "<group>"; };
		5BBDB5A325CA721800921CD2 /* AppCoordinator.swift */ = {isa = PBXFileReference; lastKnownFileType = sourcecode.swift; path = AppCoordinator.swift; sourceTree = "<group>"; };
		5BBDB5A625CA726A00921CD2 /* CoordinatorType.swift */ = {isa = PBXFileReference; lastKnownFileType = sourcecode.swift; path = CoordinatorType.swift; sourceTree = "<group>"; };
		5BBDB5B025CA777400921CD2 /* MainCoordinator.swift */ = {isa = PBXFileReference; lastKnownFileType = sourcecode.swift; path = MainCoordinator.swift; sourceTree = "<group>"; };
		5BBDB5B625CA9A0100921CD2 /* DetailViewController.swift */ = {isa = PBXFileReference; lastKnownFileType = sourcecode.swift; path = DetailViewController.swift; sourceTree = "<group>"; };
		5BBDB5BA25CAB82400921CD2 /* DetailCoordinator.swift */ = {isa = PBXFileReference; lastKnownFileType = sourcecode.swift; path = DetailCoordinator.swift; sourceTree = "<group>"; };
		5BBDB5CB25CAF53800921CD2 /* AppAppearance.swift */ = {isa = PBXFileReference; lastKnownFileType = sourcecode.swift; path = AppAppearance.swift; sourceTree = "<group>"; };
		5BC05E5324E475800031DA81 /* APIModel.swift */ = {isa = PBXFileReference; lastKnownFileType = sourcecode.swift; path = APIModel.swift; sourceTree = "<group>"; };
		A42E85B92C1388100468A9B9 /* Pods_NewsfeedMVVM.framework */ = {isa = PBXFileReference; explicitFileType = wrapper.framework; includeInIndex = 0; path = Pods_NewsfeedMVVM.framework; sourceTree = BUILT_PRODUCTS_DIR; };
		ABD4AAD81E8C6EDA3F822E2A /* Pods-NewsfeedMVVM.debug.xcconfig */ = {isa = PBXFileReference; includeInIndex = 1; lastKnownFileType = text.xcconfig; name = "Pods-NewsfeedMVVM.debug.xcconfig"; path = "Target Support Files/Pods-NewsfeedMVVM/Pods-NewsfeedMVVM.debug.xcconfig"; sourceTree = "<group>"; };
		BCF9B8F8EF23748651DE4281 /* Pods-NewsfeedMVVM.release.xcconfig */ = {isa = PBXFileReference; includeInIndex = 1; lastKnownFileType = text.xcconfig; name = "Pods-NewsfeedMVVM.release.xcconfig"; path = "Target Support Files/Pods-NewsfeedMVVM/Pods-NewsfeedMVVM.release.xcconfig"; sourceTree = "<group>"; };
/* End PBXFileReference section */

/* Begin PBXFrameworksBuildPhase section */
		5B3B48AB24D297EC004A6304 /* Frameworks */ = {
			isa = PBXFrameworksBuildPhase;
			buildActionMask = 2147483647;
			files = (
				20AAA529791904EB5B28CD66 /* Pods_NewsfeedMVVM.framework in Frameworks */,
			);
			runOnlyForDeploymentPostprocessing = 0;
		};
/* End PBXFrameworksBuildPhase section */

/* Begin PBXGroup section */
		5B2F75B725C7EC98003B8CE3 /* EndPoint */ = {
			isa = PBXGroup;
			children = (
				5B2F75A925C7D56F003B8CE3 /* NewsEndPoint.swift */,
				5BC05E5324E475800031DA81 /* APIModel.swift */,
			);
			path = EndPoint;
			sourceTree = "<group>";
		};
		5B2F75B825C7ECAA003B8CE3 /* Manager */ = {
			isa = PBXGroup;
			children = (
				5B68A49625C5DBA5001EA6CB /* NetworkManager.swift */,
			);
			path = Manager;
			sourceTree = "<group>";
		};
		5B2F75BA25C7ECC3003B8CE3 /* Service */ = {
			isa = PBXGroup;
			children = (
				5B2F75AC25C7D696003B8CE3 /* EndPointType.swift */,
				5B2F75B025C7E607003B8CE3 /* Router.swift */,
			);
			path = Service;
			sourceTree = "<group>";
		};
		5B2F75C525C84B08003B8CE3 /* LaunchScreen */ = {
			isa = PBXGroup;
			children = (
				5B3B48BF24D297F7004A6304 /* LaunchScreen.storyboard */,
			);
			path = LaunchScreen;
			sourceTree = "<group>";
		};
		5B3B48A524D297EC004A6304 = {
			isa = PBXGroup;
			children = (
				5B3B48B024D297EC004A6304 /* NewsfeedMVVM */,
				5B3B48AF24D297EC004A6304 /* Products */,
				C20050CFFF9F2D9D38C7DBFD /* Pods */,
				A9BA9CB2C6E252ADB6A44B8D /* Frameworks */,
			);
			sourceTree = "<group>";
		};
		5B3B48AF24D297EC004A6304 /* Products */ = {
			isa = PBXGroup;
			children = (
				5B3B48AE24D297EC004A6304 /* NewsfeedMVVM.app */,
			);
			name = Products;
			sourceTree = "<group>";
		};
		5B3B48B024D297EC004A6304 /* NewsfeedMVVM */ = {
			isa = PBXGroup;
			children = (
				5BC05E4E24E471FD0031DA81 /* App */,
				5B68A49025C5D2DB001EA6CB /* Network */,
				5BC05E5824E477790031DA81 /* Coordinator */,
				5BC05E5224E474F50031DA81 /* DataManagers */,
				5B79676424D29B55007581B1 /* Presentation */,
				5BC05E5524E475EA0031DA81 /* Resources */,
				5BC05E4F24E472510031DA81 /* Extensions */,
			);
			path = NewsfeedMVVM;
			sourceTree = "<group>";
		};
		5B68A49025C5D2DB001EA6CB /* Network */ = {
			isa = PBXGroup;
			children = (
				5B2F75B725C7EC98003B8CE3 /* EndPoint */,
				5B2F75B825C7ECAA003B8CE3 /* Manager */,
				5B2F75BA25C7ECC3003B8CE3 /* Service */,
			);
			path = Network;
			sourceTree = "<group>";
		};
		5B79676424D29B55007581B1 /* Presentation */ = {
			isa = PBXGroup;
			children = (
				5B2F75C525C84B08003B8CE3 /* LaunchScreen */,
				5BC05E5624E476E70031DA81 /* MainScreen */,
				5BC05E5724E476FF0031DA81 /* MainCells */,
				5BBDB5B425CA7D1900921CD2 /* DetailScreen */,
			);
			path = Presentation;
			sourceTree = "<group>";
		};
		5BBDB5B425CA7D1900921CD2 /* DetailScreen */ = {
			isa = PBXGroup;
			children = (
				5BBDB5B625CA9A0100921CD2 /* DetailViewController.swift */,
				5BBDB5BA25CAB82400921CD2 /* DetailCoordinator.swift */,
			);
			path = DetailScreen;
			sourceTree = "<group>";
		};
		5BC05E4E24E471FD0031DA81 /* App */ = {
			isa = PBXGroup;
			children = (
				5B3B48B124D297EC004A6304 /* AppDelegate.swift */,
				5BBDB5CB25CAF53800921CD2 /* AppAppearance.swift */,
				5BBDB5A325CA721800921CD2 /* AppCoordinator.swift */,
				5B3B48B324D297EC004A6304 /* SceneDelegate.swift */,
			);
			path = App;
			sourceTree = "<group>";
		};
		5BC05E4F24E472510031DA81 /* Extensions */ = {
			isa = PBXGroup;
			children = (
				5B2F75BD25C7F0B5003B8CE3 /* UIViewController+Extensions.swift */,
				5B46A1DA25B9557100A6DA33 /* Reactive+Extensions.swift */,
				5B46A1DF25B9E40F00A6DA33 /* Array+Extensions.swift */,
			);
			path = Extensions;
			sourceTree = "<group>";
		};
		5BC05E5224E474F50031DA81 /* DataManagers */ = {
			isa = PBXGroup;
			children = (
				5BC3C8E325C99C3800640473 /* CoreData */,
				5B79677224D29C84007581B1 /* MainDataManager.swift */,
			);
			path = DataManagers;
			sourceTree = "<group>";
		};
		5BC05E5524E475EA0031DA81 /* Resources */ = {
			isa = PBXGroup;
			children = (
				5B3B48BD24D297F7004A6304 /* Assets.xcassets */,
				5B3B48C224D297F7004A6304 /* Info.plist */,
				5B3B48BA24D297ED004A6304 /* NewsfeedMVVM.xcdatamodeld */,
			);
			path = Resources;
			sourceTree = "<group>";
		};
		5BC05E5624E476E70031DA81 /* MainScreen */ = {
			isa = PBXGroup;
			children = (
				5B79676524D29B72007581B1 /* MainViewController.swift */,
				5B79676724D29B95007581B1 /* MainViewModel.swift */,
				5BBDB5B025CA777400921CD2 /* MainCoordinator.swift */,
			);
			path = MainScreen;
			sourceTree = "<group>";
		};
		5BC05E5724E476FF0031DA81 /* MainCells */ = {
			isa = PBXGroup;
			children = (
				5B79676B24D29BEA007581B1 /* CellViewController.swift */,
				5B79676924D29BCD007581B1 /* CellViewModel.swift */,
			);
			path = MainCells;
			sourceTree = "<group>";
		};
		5BC05E5824E477790031DA81 /* Coordinator */ = {
			isa = PBXGroup;
			children = (
				5BBDB5A625CA726A00921CD2 /* CoordinatorType.swift */,
			);
			path = Coordinator;
			sourceTree = "<group>";
		};
		5BC3C8E325C99C3800640473 /* CoreData */ = {
			isa = PBXGroup;
			children = (
				5B79677724D29CFE007581B1 /* CoreDataModel.swift */,
				5B79676224D29B0C007581B1 /* CoreDataStack.swift */,
				5B27E7EB25BC308300EE4962 /* CoreDataManager.swift */,
			);
			path = CoreData;
			sourceTree = "<group>";
		};
		A9BA9CB2C6E252ADB6A44B8D /* Frameworks */ = {
			isa = PBXGroup;
			children = (
				A42E85B92C1388100468A9B9 /* Pods_NewsfeedMVVM.framework */,
			);
			name = Frameworks;
			sourceTree = "<group>";
		};
		C20050CFFF9F2D9D38C7DBFD /* Pods */ = {
			isa = PBXGroup;
			children = (
				2C1FD47DDAA4CE7C30A323A5 /* Pods-NewsAppMVVMRx.debug.xcconfig */,
				2804846D8AC5D1266CEF451A /* Pods-NewsAppMVVMRx.release.xcconfig */,
				ABD4AAD81E8C6EDA3F822E2A /* Pods-NewsfeedMVVM.debug.xcconfig */,
				BCF9B8F8EF23748651DE4281 /* Pods-NewsfeedMVVM.release.xcconfig */,
			);
			path = Pods;
			sourceTree = "<group>";
		};
/* End PBXGroup section */

/* Begin PBXNativeTarget section */
		5B3B48AD24D297EC004A6304 /* NewsfeedMVVM */ = {
			isa = PBXNativeTarget;
			buildConfigurationList = 5B3B48C524D297F7004A6304 /* Build configuration list for PBXNativeTarget "NewsfeedMVVM" */;
			buildPhases = (
				F8FCE263BD73FF015FB82D45 /* [CP] Check Pods Manifest.lock */,
				5B3B48AA24D297EC004A6304 /* Sources */,
				5B3B48AB24D297EC004A6304 /* Frameworks */,
				5B3B48AC24D297EC004A6304 /* Resources */,
				02706617469DB01BC5B60CAA /* [CP] Embed Pods Frameworks */,
			);
			buildRules = (
			);
			dependencies = (
			);
			name = NewsfeedMVVM;
			productName = TochkaNews;
			productReference = 5B3B48AE24D297EC004A6304 /* NewsfeedMVVM.app */;
			productType = "com.apple.product-type.application";
		};
/* End PBXNativeTarget section */

/* Begin PBXProject section */
		5B3B48A624D297EC004A6304 /* Project object */ = {
			isa = PBXProject;
			attributes = {
				LastSwiftUpdateCheck = 1140;
				LastUpgradeCheck = 1240;
				ORGANIZATIONNAME = "Alexander Milgunov";
				TargetAttributes = {
					5B3B48AD24D297EC004A6304 = {
						CreatedOnToolsVersion = 11.4;
					};
				};
			};
			buildConfigurationList = 5B3B48A924D297EC004A6304 /* Build configuration list for PBXProject "NewsfeedMVVM" */;
			compatibilityVersion = "Xcode 9.3";
			developmentRegion = en;
			hasScannedForEncodings = 0;
			knownRegions = (
				en,
				Base,
			);
			mainGroup = 5B3B48A524D297EC004A6304;
			productRefGroup = 5B3B48AF24D297EC004A6304 /* Products */;
			projectDirPath = "";
			projectRoot = "";
			targets = (
				5B3B48AD24D297EC004A6304 /* NewsfeedMVVM */,
			);
		};
/* End PBXProject section */

/* Begin PBXResourcesBuildPhase section */
		5B3B48AC24D297EC004A6304 /* Resources */ = {
			isa = PBXResourcesBuildPhase;
			buildActionMask = 2147483647;
			files = (
				5B3B48C124D297F7004A6304 /* LaunchScreen.storyboard in Resources */,
				5B3B48BE24D297F7004A6304 /* Assets.xcassets in Resources */,
			);
			runOnlyForDeploymentPostprocessing = 0;
		};
/* End PBXResourcesBuildPhase section */

/* Begin PBXShellScriptBuildPhase section */
		02706617469DB01BC5B60CAA /* [CP] Embed Pods Frameworks */ = {
			isa = PBXShellScriptBuildPhase;
			buildActionMask = 2147483647;
			files = (
			);
			inputFileListPaths = (
				"${PODS_ROOT}/Target Support Files/Pods-NewsfeedMVVM/Pods-NewsfeedMVVM-frameworks-${CONFIGURATION}-input-files.xcfilelist",
			);
			name = "[CP] Embed Pods Frameworks";
			outputFileListPaths = (
				"${PODS_ROOT}/Target Support Files/Pods-NewsfeedMVVM/Pods-NewsfeedMVVM-frameworks-${CONFIGURATION}-output-files.xcfilelist",
			);
			runOnlyForDeploymentPostprocessing = 0;
			shellPath = /bin/sh;
			shellScript = "\"${PODS_ROOT}/Target Support Files/Pods-NewsfeedMVVM/Pods-NewsfeedMVVM-frameworks.sh\"\n";
			showEnvVarsInLog = 0;
		};
		F8FCE263BD73FF015FB82D45 /* [CP] Check Pods Manifest.lock */ = {
			isa = PBXShellScriptBuildPhase;
			buildActionMask = 2147483647;
			files = (
			);
			inputFileListPaths = (
			);
			inputPaths = (
				"${PODS_PODFILE_DIR_PATH}/Podfile.lock",
				"${PODS_ROOT}/Manifest.lock",
			);
			name = "[CP] Check Pods Manifest.lock";
			outputFileListPaths = (
			);
			outputPaths = (
				"$(DERIVED_FILE_DIR)/Pods-NewsfeedMVVM-checkManifestLockResult.txt",
			);
			runOnlyForDeploymentPostprocessing = 0;
			shellPath = /bin/sh;
			shellScript = "diff \"${PODS_PODFILE_DIR_PATH}/Podfile.lock\" \"${PODS_ROOT}/Manifest.lock\" > /dev/null\nif [ $? != 0 ] ; then\n    # print error to STDERR\n    echo \"error: The sandbox is not in sync with the Podfile.lock. Run 'pod install' or update your CocoaPods installation.\" >&2\n    exit 1\nfi\n# This output is used by Xcode 'outputs' to avoid re-running this script phase.\necho \"SUCCESS\" > \"${SCRIPT_OUTPUT_FILE_0}\"\n";
			showEnvVarsInLog = 0;
		};
/* End PBXShellScriptBuildPhase section */

/* Begin PBXSourcesBuildPhase section */
		5B3B48AA24D297EC004A6304 /* Sources */ = {
			isa = PBXSourcesBuildPhase;
			buildActionMask = 2147483647;
			files = (
				5BB74AE724F4396000E29C50 /* CoreDataModel.swift in Sources */,
				5B79676824D29B95007581B1 /* MainViewModel.swift in Sources */,
				5B79677324D29C84007581B1 /* MainDataManager.swift in Sources */,
				5B46A1DB25B9557100A6DA33 /* Reactive+Extensions.swift in Sources */,
				5BBDB5B125CA777400921CD2 /* MainCoordinator.swift in Sources */,
				5B79676324D29B0C007581B1 /* CoreDataStack.swift in Sources */,
				5B27E7EC25BC308300EE4962 /* CoreDataManager.swift in Sources */,
				5BBDB5A425CA721800921CD2 /* AppCoordinator.swift in Sources */,
				5BBDB5BB25CAB82400921CD2 /* DetailCoordinator.swift in Sources */,
				5B79676A24D29BCD007581B1 /* CellViewModel.swift in Sources */,
				5BC05E5424E475800031DA81 /* APIModel.swift in Sources */,
				5B46A1E025B9E40F00A6DA33 /* Array+Extensions.swift in Sources */,
				5B79676C24D29BEA007581B1 /* CellViewController.swift in Sources */,
				5B2F75BE25C7F0B5003B8CE3 /* UIViewController+Extensions.swift in Sources */,
				5B2F75AA25C7D56F003B8CE3 /* NewsEndPoint.swift in Sources */,
				5BBDB5B725CA9A0100921CD2 /* DetailViewController.swift in Sources */,
				5B2F75B125C7E607003B8CE3 /* Router.swift in Sources */,
				5B2F75AD25C7D696003B8CE3 /* EndPointType.swift in Sources */,
				5B3B48B224D297EC004A6304 /* AppDelegate.swift in Sources */,
				5BBDB5CC25CAF53800921CD2 /* AppAppearance.swift in Sources */,
				5B79676624D29B72007581B1 /* MainViewController.swift in Sources */,
				5BBDB5A725CA726A00921CD2 /* CoordinatorType.swift in Sources */,
				5B3B48BC24D297ED004A6304 /* NewsfeedMVVM.xcdatamodeld in Sources */,
				5B3B48B424D297EC004A6304 /* SceneDelegate.swift in Sources */,
				5B68A49725C5DBA5001EA6CB /* NetworkManager.swift in Sources */,
			);
			runOnlyForDeploymentPostprocessing = 0;
		};
/* End PBXSourcesBuildPhase section */

/* Begin PBXVariantGroup section */
		5B3B48BF24D297F7004A6304 /* LaunchScreen.storyboard */ = {
			isa = PBXVariantGroup;
			children = (
				5B3B48C024D297F7004A6304 /* Base */,
			);
			name = LaunchScreen.storyboard;
			sourceTree = "<group>";
		};
/* End PBXVariantGroup section */

/* Begin XCBuildConfiguration section */
		5B3B48C324D297F7004A6304 /* Debug */ = {
			isa = XCBuildConfiguration;
			buildSettings = {
				ALWAYS_SEARCH_USER_PATHS = NO;
				CLANG_ANALYZER_NONNULL = YES;
				CLANG_ANALYZER_NUMBER_OBJECT_CONVERSION = YES_AGGRESSIVE;
				CLANG_CXX_LANGUAGE_STANDARD = "gnu++14";
				CLANG_CXX_LIBRARY = "libc++";
				CLANG_ENABLE_MODULES = YES;
				CLANG_ENABLE_OBJC_ARC = YES;
				CLANG_ENABLE_OBJC_WEAK = YES;
				CLANG_WARN_BLOCK_CAPTURE_AUTORELEASING = YES;
				CLANG_WARN_BOOL_CONVERSION = YES;
				CLANG_WARN_COMMA = YES;
				CLANG_WARN_CONSTANT_CONVERSION = YES;
				CLANG_WARN_DEPRECATED_OBJC_IMPLEMENTATIONS = YES;
				CLANG_WARN_DIRECT_OBJC_ISA_USAGE = YES_ERROR;
				CLANG_WARN_DOCUMENTATION_COMMENTS = YES;
				CLANG_WARN_EMPTY_BODY = YES;
				CLANG_WARN_ENUM_CONVERSION = YES;
				CLANG_WARN_INFINITE_RECURSION = YES;
				CLANG_WARN_INT_CONVERSION = YES;
				CLANG_WARN_NON_LITERAL_NULL_CONVERSION = YES;
				CLANG_WARN_OBJC_IMPLICIT_RETAIN_SELF = YES;
				CLANG_WARN_OBJC_LITERAL_CONVERSION = YES;
				CLANG_WARN_OBJC_ROOT_CLASS = YES_ERROR;
				CLANG_WARN_QUOTED_INCLUDE_IN_FRAMEWORK_HEADER = YES;
				CLANG_WARN_RANGE_LOOP_ANALYSIS = YES;
				CLANG_WARN_STRICT_PROTOTYPES = YES;
				CLANG_WARN_SUSPICIOUS_MOVE = YES;
				CLANG_WARN_UNGUARDED_AVAILABILITY = YES_AGGRESSIVE;
				CLANG_WARN_UNREACHABLE_CODE = YES;
				CLANG_WARN__DUPLICATE_METHOD_MATCH = YES;
				COPY_PHASE_STRIP = NO;
				DEBUG_INFORMATION_FORMAT = dwarf;
				ENABLE_STRICT_OBJC_MSGSEND = YES;
				ENABLE_TESTABILITY = YES;
				GCC_C_LANGUAGE_STANDARD = gnu11;
				GCC_DYNAMIC_NO_PIC = NO;
				GCC_NO_COMMON_BLOCKS = YES;
				GCC_OPTIMIZATION_LEVEL = 0;
				GCC_PREPROCESSOR_DEFINITIONS = (
					"DEBUG=1",
					"$(inherited)",
				);
				GCC_WARN_64_TO_32_BIT_CONVERSION = YES;
				GCC_WARN_ABOUT_RETURN_TYPE = YES_ERROR;
				GCC_WARN_UNDECLARED_SELECTOR = YES;
				GCC_WARN_UNINITIALIZED_AUTOS = YES_AGGRESSIVE;
				GCC_WARN_UNUSED_FUNCTION = YES;
				GCC_WARN_UNUSED_VARIABLE = YES;
				IPHONEOS_DEPLOYMENT_TARGET = 13.4;
				MTL_ENABLE_DEBUG_INFO = INCLUDE_SOURCE;
				MTL_FAST_MATH = YES;
				ONLY_ACTIVE_ARCH = YES;
				SDKROOT = iphoneos;
				SWIFT_ACTIVE_COMPILATION_CONDITIONS = DEBUG;
				SWIFT_OPTIMIZATION_LEVEL = "-Onone";
			};
			name = Debug;
		};
		5B3B48C424D297F7004A6304 /* Release */ = {
			isa = XCBuildConfiguration;
			buildSettings = {
				ALWAYS_SEARCH_USER_PATHS = NO;
				CLANG_ANALYZER_NONNULL = YES;
				CLANG_ANALYZER_NUMBER_OBJECT_CONVERSION = YES_AGGRESSIVE;
				CLANG_CXX_LANGUAGE_STANDARD = "gnu++14";
				CLANG_CXX_LIBRARY = "libc++";
				CLANG_ENABLE_MODULES = YES;
				CLANG_ENABLE_OBJC_ARC = YES;
				CLANG_ENABLE_OBJC_WEAK = YES;
				CLANG_WARN_BLOCK_CAPTURE_AUTORELEASING = YES;
				CLANG_WARN_BOOL_CONVERSION = YES;
				CLANG_WARN_COMMA = YES;
				CLANG_WARN_CONSTANT_CONVERSION = YES;
				CLANG_WARN_DEPRECATED_OBJC_IMPLEMENTATIONS = YES;
				CLANG_WARN_DIRECT_OBJC_ISA_USAGE = YES_ERROR;
				CLANG_WARN_DOCUMENTATION_COMMENTS = YES;
				CLANG_WARN_EMPTY_BODY = YES;
				CLANG_WARN_ENUM_CONVERSION = YES;
				CLANG_WARN_INFINITE_RECURSION = YES;
				CLANG_WARN_INT_CONVERSION = YES;
				CLANG_WARN_NON_LITERAL_NULL_CONVERSION = YES;
				CLANG_WARN_OBJC_IMPLICIT_RETAIN_SELF = YES;
				CLANG_WARN_OBJC_LITERAL_CONVERSION = YES;
				CLANG_WARN_OBJC_ROOT_CLASS = YES_ERROR;
				CLANG_WARN_QUOTED_INCLUDE_IN_FRAMEWORK_HEADER = YES;
				CLANG_WARN_RANGE_LOOP_ANALYSIS = YES;
				CLANG_WARN_STRICT_PROTOTYPES = YES;
				CLANG_WARN_SUSPICIOUS_MOVE = YES;
				CLANG_WARN_UNGUARDED_AVAILABILITY = YES_AGGRESSIVE;
				CLANG_WARN_UNREACHABLE_CODE = YES;
				CLANG_WARN__DUPLICATE_METHOD_MATCH = YES;
				COPY_PHASE_STRIP = NO;
				DEBUG_INFORMATION_FORMAT = "dwarf-with-dsym";
				ENABLE_NS_ASSERTIONS = NO;
				ENABLE_STRICT_OBJC_MSGSEND = YES;
				GCC_C_LANGUAGE_STANDARD = gnu11;
				GCC_NO_COMMON_BLOCKS = YES;
				GCC_WARN_64_TO_32_BIT_CONVERSION = YES;
				GCC_WARN_ABOUT_RETURN_TYPE = YES_ERROR;
				GCC_WARN_UNDECLARED_SELECTOR = YES;
				GCC_WARN_UNINITIALIZED_AUTOS = YES_AGGRESSIVE;
				GCC_WARN_UNUSED_FUNCTION = YES;
				GCC_WARN_UNUSED_VARIABLE = YES;
				IPHONEOS_DEPLOYMENT_TARGET = 13.4;
				MTL_ENABLE_DEBUG_INFO = NO;
				MTL_FAST_MATH = YES;
				SDKROOT = iphoneos;
				SWIFT_COMPILATION_MODE = wholemodule;
				SWIFT_OPTIMIZATION_LEVEL = "-O";
				VALIDATE_PRODUCT = YES;
			};
			name = Release;
		};
		5B3B48C624D297F7004A6304 /* Debug */ = {
			isa = XCBuildConfiguration;
			baseConfigurationReference = ABD4AAD81E8C6EDA3F822E2A /* Pods-NewsfeedMVVM.debug.xcconfig */;
			buildSettings = {
				ASSETCATALOG_COMPILER_APPICON_NAME = AppIcon;
				CODE_SIGN_STYLE = Automatic;
				DEVELOPMENT_TEAM = XN6J4W4W4C;
				INFOPLIST_FILE = "$(SRCROOT)/NewsfeedMVVM/Resources/Info.plist";
				IPHONEOS_DEPLOYMENT_TARGET = 13.4;
				LD_RUNPATH_SEARCH_PATHS = (
					"$(inherited)",
					"@executable_path/Frameworks",
				);
				PRODUCT_BUNDLE_IDENTIFIER = "Alexander-Milgunov.NewsfeedMVVM";
				PRODUCT_NAME = "$(TARGET_NAME)";
				SWIFT_VERSION = 5.0;
				TARGETED_DEVICE_FAMILY = "1,2";
			};
			name = Debug;
		};
		5B3B48C724D297F7004A6304 /* Release */ = {
			isa = XCBuildConfiguration;
			baseConfigurationReference = BCF9B8F8EF23748651DE4281 /* Pods-NewsfeedMVVM.release.xcconfig */;
			buildSettings = {
				ASSETCATALOG_COMPILER_APPICON_NAME = AppIcon;
				CODE_SIGN_STYLE = Automatic;
				DEVELOPMENT_TEAM = XN6J4W4W4C;
				INFOPLIST_FILE = "$(SRCROOT)/NewsfeedMVVM/Resources/Info.plist";
				IPHONEOS_DEPLOYMENT_TARGET = 13.4;
				LD_RUNPATH_SEARCH_PATHS = (
					"$(inherited)",
					"@executable_path/Frameworks",
				);
				PRODUCT_BUNDLE_IDENTIFIER = "Alexander-Milgunov.NewsfeedMVVM";
				PRODUCT_NAME = "$(TARGET_NAME)";
				SWIFT_VERSION = 5.0;
				TARGETED_DEVICE_FAMILY = "1,2";
			};
			name = Release;
		};
/* End XCBuildConfiguration section */

/* Begin XCConfigurationList section */
		5B3B48A924D297EC004A6304 /* Build configuration list for PBXProject "NewsfeedMVVM" */ = {
			isa = XCConfigurationList;
			buildConfigurations = (
				5B3B48C324D297F7004A6304 /* Debug */,
				5B3B48C424D297F7004A6304 /* Release */,
			);
			defaultConfigurationIsVisible = 0;
			defaultConfigurationName = Release;
		};
		5B3B48C524D297F7004A6304 /* Build configuration list for PBXNativeTarget "NewsfeedMVVM" */ = {
			isa = XCConfigurationList;
			buildConfigurations = (
				5B3B48C624D297F7004A6304 /* Debug */,
				5B3B48C724D297F7004A6304 /* Release */,
			);
			defaultConfigurationIsVisible = 0;
			defaultConfigurationName = Release;
		};
/* End XCConfigurationList section */

/* Begin XCVersionGroup section */
		5B3B48BA24D297ED004A6304 /* NewsfeedMVVM.xcdatamodeld */ = {
			isa = XCVersionGroup;
			children = (
				5B3B48BB24D297ED004A6304 /* TochkaNews.xcdatamodel */,
			);
			currentVersion = 5B3B48BB24D297ED004A6304 /* TochkaNews.xcdatamodel */;
			path = NewsfeedMVVM.xcdatamodeld;
			sourceTree = "<group>";
			versionGroupType = wrapper.xcdatamodel;
		};
/* End XCVersionGroup section */
	};
	rootObject = 5B3B48A624D297EC004A6304 /* Project object */;
}
